// !$*UTF8*$!
{
	archiveVersion = 1;
	classes = {
	};
	objectVersion = 77;
	objects = {

/* Begin PBXContainerItemProxy section */
		3CFA858B2CF32E2600D88451 /* PBXContainerItemProxy */ = {
			isa = PBXContainerItemProxy;
			containerPortal = 3CFA85702CF32E2400D88451 /* Project object */;
			proxyType = 1;
			remoteGlobalIDString = 3CFA85772CF32E2400D88451;
			remoteInfo = "EstéticaÁngela";
		};
		3CFA85952CF32E2600D88451 /* PBXContainerItemProxy */ = {
			isa = PBXContainerItemProxy;
			containerPortal = 3CFA85702CF32E2400D88451 /* Project object */;
			proxyType = 1;
			remoteGlobalIDString = 3CFA85772CF32E2400D88451;
			remoteInfo = "EstéticaÁngela";
		};
/* End PBXContainerItemProxy section */

/* Begin PBXFileReference section */
		3CFA85782CF32E2400D88451 /* EstéticaÁngela.app */ = {isa = PBXFileReference; explicitFileType = wrapper.application; includeInIndex = 0; path = "EstéticaÁngela.app"; sourceTree = BUILT_PRODUCTS_DIR; };
		3CFA858A2CF32E2600D88451 /* EstéticaÁngelaTests.xctest */ = {isa = PBXFileReference; explicitFileType = wrapper.cfbundle; includeInIndex = 0; path = "EstéticaÁngelaTests.xctest"; sourceTree = BUILT_PRODUCTS_DIR; };
		3CFA85942CF32E2600D88451 /* EstéticaÁngelaUITests.xctest */ = {isa = PBXFileReference; explicitFileType = wrapper.cfbundle; includeInIndex = 0; path = "EstéticaÁngelaUITests.xctest"; sourceTree = BUILT_PRODUCTS_DIR; };
/* End PBXFileReference section */

/* Begin PBXFileSystemSynchronizedRootGroup section */
		3CFA857A2CF32E2400D88451 /* EstéticaÁngela */ = {
			isa = PBXFileSystemSynchronizedRootGroup;
			path = "EstéticaÁngela";
			sourceTree = "<group>";
		};
		3CFA858D2CF32E2600D88451 /* EstéticaÁngelaTests */ = {
			isa = PBXFileSystemSynchronizedRootGroup;
			path = "EstéticaÁngelaTests";
			sourceTree = "<group>";
		};
		3CFA85972CF32E2600D88451 /* EstéticaÁngelaUITests */ = {
			isa = PBXFileSystemSynchronizedRootGroup;
			path = "EstéticaÁngelaUITests";
			sourceTree = "<group>";
		};
/* End PBXFileSystemSynchronizedRootGroup section */

/* Begin PBXFrameworksBuildPhase section */
		3CFA85752CF32E2400D88451 /* Frameworks */ = {
			isa = PBXFrameworksBuildPhase;
			buildActionMask = 2147483647;
			files = (
			);
			runOnlyForDeploymentPostprocessing = 0;
		};
		3CFA85872CF32E2600D88451 /* Frameworks */ = {
			isa = PBXFrameworksBuildPhase;
			buildActionMask = 2147483647;
			files = (
			);
			runOnlyForDeploymentPostprocessing = 0;
		};
		3CFA85912CF32E2600D88451 /* Frameworks */ = {
			isa = PBXFrameworksBuildPhase;
			buildActionMask = 2147483647;
			files = (
			);
			runOnlyForDeploymentPostprocessing = 0;
		};
/* End PBXFrameworksBuildPhase section */

/* Begin PBXGroup section */
		3CFA856F2CF32E2400D88451 = {
			isa = PBXGroup;
			children = (
				3CFA857A2CF32E2400D88451 /* EstéticaÁngela */,
				3CFA858D2CF32E2600D88451 /* EstéticaÁngelaTests */,
				3CFA85972CF32E2600D88451 /* EstéticaÁngelaUITests */,
				3CFA85792CF32E2400D88451 /* Products */,
			);
			sourceTree = "<group>";
		};
		3CFA85792CF32E2400D88451 /* Products */ = {
			isa = PBXGroup;
			children = (
				3CFA85782CF32E2400D88451 /* EstéticaÁngela.app */,
				3CFA858A2CF32E2600D88451 /* EstéticaÁngelaTests.xctest */,
				3CFA85942CF32E2600D88451 /* EstéticaÁngelaUITests.xctest */,
			);
			name = Products;
			sourceTree = "<group>";
		};
/* End PBXGroup section */

/* Begin PBXNativeTarget section */
		3CFA85772CF32E2400D88451 /* EstéticaÁngela */ = {
			isa = PBXNativeTarget;
			buildConfigurationList = 3CFA859E2CF32E2600D88451 /* Build configuration list for PBXNativeTarget "EstéticaÁngela" */;
			buildPhases = (
				3CFA85742CF32E2400D88451 /* Sources */,
				3CFA85752CF32E2400D88451 /* Frameworks */,
				3CFA85762CF32E2400D88451 /* Resources */,
			);
			buildRules = (
			);
			dependencies = (
			);
			fileSystemSynchronizedGroups = (
				3CFA857A2CF32E2400D88451 /* EstéticaÁngela */,
			);
			name = "EstéticaÁngela";
			packageProductDependencies = (
			);
			productName = "EstéticaÁngela";
			productReference = 3CFA85782CF32E2400D88451 /* EstéticaÁngela.app */;
			productType = "com.apple.product-type.application";
		};
		3CFA85892CF32E2600D88451 /* EstéticaÁngelaTests */ = {
			isa = PBXNativeTarget;
			buildConfigurationList = 3CFA85A12CF32E2600D88451 /* Build configuration list for PBXNativeTarget "EstéticaÁngelaTests" */;
			buildPhases = (
				3CFA85862CF32E2600D88451 /* Sources */,
				3CFA85872CF32E2600D88451 /* Frameworks */,
				3CFA85882CF32E2600D88451 /* Resources */,
			);
			buildRules = (
			);
			dependencies = (
				3CFA858C2CF32E2600D88451 /* PBXTargetDependency */,
			);
			fileSystemSynchronizedGroups = (
				3CFA858D2CF32E2600D88451 /* EstéticaÁngelaTests */,
			);
			name = "EstéticaÁngelaTests";
			packageProductDependencies = (
			);
			productName = "EstéticaÁngelaTests";
			productReference = 3CFA858A2CF32E2600D88451 /* EstéticaÁngelaTests.xctest */;
			productType = "com.apple.product-type.bundle.unit-test";
		};
		3CFA85932CF32E2600D88451 /* EstéticaÁngelaUITests */ = {
			isa = PBXNativeTarget;
			buildConfigurationList = 3CFA85A42CF32E2600D88451 /* Build configuration list for PBXNativeTarget "EstéticaÁngelaUITests" */;
			buildPhases = (
				3CFA85902CF32E2600D88451 /* Sources */,
				3CFA85912CF32E2600D88451 /* Frameworks */,
				3CFA85922CF32E2600D88451 /* Resources */,
			);
			buildRules = (
			);
			dependencies = (
				3CFA85962CF32E2600D88451 /* PBXTargetDependency */,
			);
			fileSystemSynchronizedGroups = (
				3CFA85972CF32E2600D88451 /* EstéticaÁngelaUITests */,
			);
			name = "EstéticaÁngelaUITests";
			packageProductDependencies = (
			);
			productName = "EstéticaÁngelaUITests";
			productReference = 3CFA85942CF32E2600D88451 /* EstéticaÁngelaUITests.xctest */;
			productType = "com.apple.product-type.bundle.ui-testing";
		};
/* End PBXNativeTarget section */

/* Begin PBXProject section */
		3CFA85702CF32E2400D88451 /* Project object */ = {
			isa = PBXProject;
			attributes = {
				BuildIndependentTargetsInParallel = 1;
				LastSwiftUpdateCheck = 1610;
				LastUpgradeCheck = 1610;
				TargetAttributes = {
					3CFA85772CF32E2400D88451 = {
						CreatedOnToolsVersion = 16.1;
					};
					3CFA85892CF32E2600D88451 = {
						CreatedOnToolsVersion = 16.1;
						TestTargetID = 3CFA85772CF32E2400D88451;
					};
					3CFA85932CF32E2600D88451 = {
						CreatedOnToolsVersion = 16.1;
						TestTargetID = 3CFA85772CF32E2400D88451;
					};
				};
			};
			buildConfigurationList = 3CFA85732CF32E2400D88451 /* Build configuration list for PBXProject "EstéticaÁngela" */;
			developmentRegion = en;
			hasScannedForEncodings = 0;
			knownRegions = (
				en,
				Base,
			);
			mainGroup = 3CFA856F2CF32E2400D88451;
			minimizedProjectReferenceProxies = 1;
			preferredProjectObjectVersion = 77;
			productRefGroup = 3CFA85792CF32E2400D88451 /* Products */;
			projectDirPath = "";
			projectRoot = "";
			targets = (
				3CFA85772CF32E2400D88451 /* EstéticaÁngela */,
				3CFA85892CF32E2600D88451 /* EstéticaÁngelaTests */,
				3CFA85932CF32E2600D88451 /* EstéticaÁngelaUITests */,
			);
		};
/* End PBXProject section */

/* Begin PBXResourcesBuildPhase section */
		3CFA85762CF32E2400D88451 /* Resources */ = {
			isa = PBXResourcesBuildPhase;
			buildActionMask = 2147483647;
			files = (
			);
			runOnlyForDeploymentPostprocessing = 0;
		};
		3CFA85882CF32E2600D88451 /* Resources */ = {
			isa = PBXResourcesBuildPhase;
			buildActionMask = 2147483647;
			files = (
			);
			runOnlyForDeploymentPostprocessing = 0;
		};
		3CFA85922CF32E2600D88451 /* Resources */ = {
			isa = PBXResourcesBuildPhase;
			buildActionMask = 2147483647;
			files = (
			);
			runOnlyForDeploymentPostprocessing = 0;
		};
/* End PBXResourcesBuildPhase section */

/* Begin PBXSourcesBuildPhase section */
		3CFA85742CF32E2400D88451 /* Sources */ = {
			isa = PBXSourcesBuildPhase;
			buildActionMask = 2147483647;
			files = (
			);
			runOnlyForDeploymentPostprocessing = 0;
		};
		3CFA85862CF32E2600D88451 /* Sources */ = {
			isa = PBXSourcesBuildPhase;
			buildActionMask = 2147483647;
			files = (
			);
			runOnlyForDeploymentPostprocessing = 0;
		};
		3CFA85902CF32E2600D88451 /* Sources */ = {
			isa = PBXSourcesBuildPhase;
			buildActionMask = 2147483647;
			files = (
			);
			runOnlyForDeploymentPostprocessing = 0;
		};
/* End PBXSourcesBuildPhase section */

/* Begin PBXTargetDependency section */
		3CFA858C2CF32E2600D88451 /* PBXTargetDependency */ = {
			isa = PBXTargetDependency;
			target = 3CFA85772CF32E2400D88451 /* EstéticaÁngela */;
			targetProxy = 3CFA858B2CF32E2600D88451 /* PBXContainerItemProxy */;
		};
		3CFA85962CF32E2600D88451 /* PBXTargetDependency */ = {
			isa = PBXTargetDependency;
			target = 3CFA85772CF32E2400D88451 /* EstéticaÁngela */;
			targetProxy = 3CFA85952CF32E2600D88451 /* PBXContainerItemProxy */;
		};
/* End PBXTargetDependency section */

/* Begin XCBuildConfiguration section */
		3CFA859C2CF32E2600D88451 /* Debug */ = {
			isa = XCBuildConfiguration;
			buildSettings = {
				ALWAYS_SEARCH_USER_PATHS = NO;
				ASSETCATALOG_COMPILER_GENERATE_SWIFT_ASSET_SYMBOL_EXTENSIONS = YES;
				CLANG_ANALYZER_NONNULL = YES;
				CLANG_ANALYZER_NUMBER_OBJECT_CONVERSION = YES_AGGRESSIVE;
				CLANG_CXX_LANGUAGE_STANDARD = "gnu++20";
				CLANG_ENABLE_MODULES = YES;
				CLANG_ENABLE_OBJC_ARC = YES;
				CLANG_ENABLE_OBJC_WEAK = YES;
				CLANG_WARN_BLOCK_CAPTURE_AUTORELEASING = YES;
				CLANG_WARN_BOOL_CONVERSION = YES;
				CLANG_WARN_COMMA = YES;
				CLANG_WARN_CONSTANT_CONVERSION = YES;
				CLANG_WARN_DEPRECATED_OBJC_IMPLEMENTATIONS = YES;
				CLANG_WARN_DIRECT_OBJC_ISA_USAGE = YES_ERROR;
				CLANG_WARN_DOCUMENTATION_COMMENTS = YES;
				CLANG_WARN_EMPTY_BODY = YES;
				CLANG_WARN_ENUM_CONVERSION = YES;
				CLANG_WARN_INFINITE_RECURSION = YES;
				CLANG_WARN_INT_CONVERSION = YES;
				CLANG_WARN_NON_LITERAL_NULL_CONVERSION = YES;
				CLANG_WARN_OBJC_IMPLICIT_RETAIN_SELF = YES;
				CLANG_WARN_OBJC_LITERAL_CONVERSION = YES;
				CLANG_WARN_OBJC_ROOT_CLASS = YES_ERROR;
				CLANG_WARN_QUOTED_INCLUDE_IN_FRAMEWORK_HEADER = YES;
				CLANG_WARN_RANGE_LOOP_ANALYSIS = YES;
				CLANG_WARN_STRICT_PROTOTYPES = YES;
				CLANG_WARN_SUSPICIOUS_MOVE = YES;
				CLANG_WARN_UNGUARDED_AVAILABILITY = YES_AGGRESSIVE;
				CLANG_WARN_UNREACHABLE_CODE = YES;
				CLANG_WARN__DUPLICATE_METHOD_MATCH = YES;
				COPY_PHASE_STRIP = NO;
				DEBUG_INFORMATION_FORMAT = dwarf;
				ENABLE_STRICT_OBJC_MSGSEND = YES;
				ENABLE_TESTABILITY = YES;
				ENABLE_USER_SCRIPT_SANDBOXING = YES;
				GCC_C_LANGUAGE_STANDARD = gnu17;
				GCC_DYNAMIC_NO_PIC = NO;
				GCC_NO_COMMON_BLOCKS = YES;
				GCC_OPTIMIZATION_LEVEL = 0;
				GCC_PREPROCESSOR_DEFINITIONS = (
					"DEBUG=1",
					"$(inherited)",
				);
				GCC_WARN_64_TO_32_BIT_CONVERSION = YES;
				GCC_WARN_ABOUT_RETURN_TYPE = YES_ERROR;
				GCC_WARN_UNDECLARED_SELECTOR = YES;
				GCC_WARN_UNINITIALIZED_AUTOS = YES_AGGRESSIVE;
				GCC_WARN_UNUSED_FUNCTION = YES;
				GCC_WARN_UNUSED_VARIABLE = YES;
				IPHONEOS_DEPLOYMENT_TARGET = 18.1;
				LOCALIZATION_PREFERS_STRING_CATALOGS = YES;
				MTL_ENABLE_DEBUG_INFO = INCLUDE_SOURCE;
				MTL_FAST_MATH = YES;
				ONLY_ACTIVE_ARCH = YES;
				SDKROOT = iphoneos;
				SWIFT_ACTIVE_COMPILATION_CONDITIONS = "DEBUG $(inherited)";
				SWIFT_OPTIMIZATION_LEVEL = "-Onone";
			};
			name = Debug;
		};
		3CFA859D2CF32E2600D88451 /* Release */ = {
			isa = XCBuildConfiguration;
			buildSettings = {
				ALWAYS_SEARCH_USER_PATHS = NO;
				ASSETCATALOG_COMPILER_GENERATE_SWIFT_ASSET_SYMBOL_EXTENSIONS = YES;
				CLANG_ANALYZER_NONNULL = YES;
				CLANG_ANALYZER_NUMBER_OBJECT_CONVERSION = YES_AGGRESSIVE;
				CLANG_CXX_LANGUAGE_STANDARD = "gnu++20";
				CLANG_ENABLE_MODULES = YES;
				CLANG_ENABLE_OBJC_ARC = YES;
				CLANG_ENABLE_OBJC_WEAK = YES;
				CLANG_WARN_BLOCK_CAPTURE_AUTORELEASING = YES;
				CLANG_WARN_BOOL_CONVERSION = YES;
				CLANG_WARN_COMMA = YES;
				CLANG_WARN_CONSTANT_CONVERSION = YES;
				CLANG_WARN_DEPRECATED_OBJC_IMPLEMENTATIONS = YES;
				CLANG_WARN_DIRECT_OBJC_ISA_USAGE = YES_ERROR;
				CLANG_WARN_DOCUMENTATION_COMMENTS = YES;
				CLANG_WARN_EMPTY_BODY = YES;
				CLANG_WARN_ENUM_CONVERSION = YES;
				CLANG_WARN_INFINITE_RECURSION = YES;
				CLANG_WARN_INT_CONVERSION = YES;
				CLANG_WARN_NON_LITERAL_NULL_CONVERSION = YES;
				CLANG_WARN_OBJC_IMPLICIT_RETAIN_SELF = YES;
				CLANG_WARN_OBJC_LITERAL_CONVERSION = YES;
				CLANG_WARN_OBJC_ROOT_CLASS = YES_ERROR;
				CLANG_WARN_QUOTED_INCLUDE_IN_FRAMEWORK_HEADER = YES;
				CLANG_WARN_RANGE_LOOP_ANALYSIS = YES;
				CLANG_WARN_STRICT_PROTOTYPES = YES;
				CLANG_WARN_SUSPICIOUS_MOVE = YES;
				CLANG_WARN_UNGUARDED_AVAILABILITY = YES_AGGRESSIVE;
				CLANG_WARN_UNREACHABLE_CODE = YES;
				CLANG_WARN__DUPLICATE_METHOD_MATCH = YES;
				COPY_PHASE_STRIP = NO;
				DEBUG_INFORMATION_FORMAT = "dwarf-with-dsym";
				ENABLE_NS_ASSERTIONS = NO;
				ENABLE_STRICT_OBJC_MSGSEND = YES;
				ENABLE_USER_SCRIPT_SANDBOXING = YES;
				GCC_C_LANGUAGE_STANDARD = gnu17;
				GCC_NO_COMMON_BLOCKS = YES;
				GCC_WARN_64_TO_32_BIT_CONVERSION = YES;
				GCC_WARN_ABOUT_RETURN_TYPE = YES_ERROR;
				GCC_WARN_UNDECLARED_SELECTOR = YES;
				GCC_WARN_UNINITIALIZED_AUTOS = YES_AGGRESSIVE;
				GCC_WARN_UNUSED_FUNCTION = YES;
				GCC_WARN_UNUSED_VARIABLE = YES;
				IPHONEOS_DEPLOYMENT_TARGET = 18.1;
				LOCALIZATION_PREFERS_STRING_CATALOGS = YES;
				MTL_ENABLE_DEBUG_INFO = NO;
				MTL_FAST_MATH = YES;
				SDKROOT = iphoneos;
				SWIFT_COMPILATION_MODE = wholemodule;
				VALIDATE_PRODUCT = YES;
			};
			name = Release;
		};
		3CFA859F2CF32E2600D88451 /* Debug */ = {
			isa = XCBuildConfiguration;
			buildSettings = {
				ASSETCATALOG_COMPILER_APPICON_NAME = AppIcon;
				ASSETCATALOG_COMPILER_GLOBAL_ACCENT_COLOR_NAME = AccentColor;
				CODE_SIGN_STYLE = Automatic;
				CURRENT_PROJECT_VERSION = 1;
				DEVELOPMENT_ASSET_PATHS = "\"EstéticaÁngela/Preview Content\"";
				ENABLE_PREVIEWS = YES;
				GENERATE_INFOPLIST_FILE = YES;
				INFOPLIST_KEY_UIApplicationSceneManifest_Generation = YES;
				INFOPLIST_KEY_UIApplicationSupportsIndirectInputEvents = YES;
				INFOPLIST_KEY_UILaunchScreen_Generation = YES;
				INFOPLIST_KEY_UISupportedInterfaceOrientations_iPad = "UIInterfaceOrientationPortrait UIInterfaceOrientationPortraitUpsideDown UIInterfaceOrientationLandscapeLeft UIInterfaceOrientationLandscapeRight";
				INFOPLIST_KEY_UISupportedInterfaceOrientations_iPhone = "UIInterfaceOrientationPortrait UIInterfaceOrientationLandscapeLeft UIInterfaceOrientationLandscapeRight";
				LD_RUNPATH_SEARCH_PATHS = (
					"$(inherited)",
					"@executable_path/Frameworks",
				);
				MARKETING_VERSION = 1.0;
				PRODUCT_BUNDLE_IDENTIFIER = "com.ManuelCazalla.Este-ticaA-ngela";
				PRODUCT_NAME = "$(TARGET_NAME)";
				SWIFT_EMIT_LOC_STRINGS = YES;
				SWIFT_VERSION = 5.0;
				TARGETED_DEVICE_FAMILY = "1,2";
			};
			name = Debug;
		};
		3CFA85A02CF32E2600D88451 /* Release */ = {
			isa = XCBuildConfiguration;
			buildSettings = {
				ASSETCATALOG_COMPILER_APPICON_NAME = AppIcon;
				ASSETCATALOG_COMPILER_GLOBAL_ACCENT_COLOR_NAME = AccentColor;
				CODE_SIGN_STYLE = Automatic;
				CURRENT_PROJECT_VERSION = 1;
				DEVELOPMENT_ASSET_PATHS = "\"EstéticaÁngela/Preview Content\"";
				ENABLE_PREVIEWS = YES;
				GENERATE_INFOPLIST_FILE = YES;
				INFOPLIST_KEY_UIApplicationSceneManifest_Generation = YES;
				INFOPLIST_KEY_UIApplicationSupportsIndirectInputEvents = YES;
				INFOPLIST_KEY_UILaunchScreen_Generation = YES;
				INFOPLIST_KEY_UISupportedInterfaceOrientations_iPad = "UIInterfaceOrientationPortrait UIInterfaceOrientationPortraitUpsideDown UIInterfaceOrientationLandscapeLeft UIInterfaceOrientationLandscapeRight";
				INFOPLIST_KEY_UISupportedInterfaceOrientations_iPhone = "UIInterfaceOrientationPortrait UIInterfaceOrientationLandscapeLeft UIInterfaceOrientationLandscapeRight";
				LD_RUNPATH_SEARCH_PATHS = (
					"$(inherited)",
					"@executable_path/Frameworks",
				);
				MARKETING_VERSION = 1.0;
				PRODUCT_BUNDLE_IDENTIFIER = "com.ManuelCazalla.Este-ticaA-ngela";
				PRODUCT_NAME = "$(TARGET_NAME)";
				SWIFT_EMIT_LOC_STRINGS = YES;
				SWIFT_VERSION = 5.0;
				TARGETED_DEVICE_FAMILY = "1,2";
			};
			name = Release;
		};
		3CFA85A22CF32E2600D88451 /* Debug */ = {
			isa = XCBuildConfiguration;
			buildSettings = {
				BUNDLE_LOADER = "$(TEST_HOST)";
				CODE_SIGN_STYLE = Automatic;
				CURRENT_PROJECT_VERSION = 1;
				GENERATE_INFOPLIST_FILE = YES;
				IPHONEOS_DEPLOYMENT_TARGET = 18.1;
				MARKETING_VERSION = 1.0;
				PRODUCT_BUNDLE_IDENTIFIER = "com.ManuelCazalla.Este-ticaA-ngelaTests";
				PRODUCT_NAME = "$(TARGET_NAME)";
				SWIFT_EMIT_LOC_STRINGS = NO;
				SWIFT_VERSION = 5.0;
				TARGETED_DEVICE_FAMILY = "1,2";
				TEST_HOST = "$(BUILT_PRODUCTS_DIR)/EstéticaÁngela.app/$(BUNDLE_EXECUTABLE_FOLDER_PATH)/EstéticaÁngela";
			};
			name = Debug;
		};
		3CFA85A32CF32E2600D88451 /* Release */ = {
			isa = XCBuildConfiguration;
			buildSettings = {
				BUNDLE_LOADER = "$(TEST_HOST)";
				CODE_SIGN_STYLE = Automatic;
				CURRENT_PROJECT_VERSION = 1;
				GENERATE_INFOPLIST_FILE = YES;
				IPHONEOS_DEPLOYMENT_TARGET = 18.1;
				MARKETING_VERSION = 1.0;
				PRODUCT_BUNDLE_IDENTIFIER = "com.ManuelCazalla.Este-ticaA-ngelaTests";
				PRODUCT_NAME = "$(TARGET_NAME)";
				SWIFT_EMIT_LOC_STRINGS = NO;
				SWIFT_VERSION = 5.0;
				TARGETED_DEVICE_FAMILY = "1,2";
				TEST_HOST = "$(BUILT_PRODUCTS_DIR)/EstéticaÁngela.app/$(BUNDLE_EXECUTABLE_FOLDER_PATH)/EstéticaÁngela";
			};
			name = Release;
		};
		3CFA85A52CF32E2600D88451 /* Debug */ = {
			isa = XCBuildConfiguration;
			buildSettings = {
				CODE_SIGN_STYLE = Automatic;
				CURRENT_PROJECT_VERSION = 1;
				GENERATE_INFOPLIST_FILE = YES;
				MARKETING_VERSION = 1.0;
				PRODUCT_BUNDLE_IDENTIFIER = "com.ManuelCazalla.Este-ticaA-ngelaUITests";
				PRODUCT_NAME = "$(TARGET_NAME)";
				SWIFT_EMIT_LOC_STRINGS = NO;
				SWIFT_VERSION = 5.0;
				TARGETED_DEVICE_FAMILY = "1,2";
				TEST_TARGET_NAME = "EstéticaÁngela";
			};
			name = Debug;
		};
		3CFA85A62CF32E2600D88451 /* Release */ = {
			isa = XCBuildConfiguration;
			buildSettings = {
				CODE_SIGN_STYLE = Automatic;
				CURRENT_PROJECT_VERSION = 1;
				GENERATE_INFOPLIST_FILE = YES;
				MARKETING_VERSION = 1.0;
				PRODUCT_BUNDLE_IDENTIFIER = "com.ManuelCazalla.Este-ticaA-ngelaUITests";
				PRODUCT_NAME = "$(TARGET_NAME)";
				SWIFT_EMIT_LOC_STRINGS = NO;
				SWIFT_VERSION = 5.0;
				TARGETED_DEVICE_FAMILY = "1,2";
				TEST_TARGET_NAME = "EstéticaÁngela";
			};
			name = Release;
		};
/* End XCBuildConfiguration section */

/* Begin XCConfigurationList section */
		3CFA85732CF32E2400D88451 /* Build configuration list for PBXProject "EstéticaÁngela" */ = {
			isa = XCConfigurationList;
			buildConfigurations = (
				3CFA859C2CF32E2600D88451 /* Debug */,
				3CFA859D2CF32E2600D88451 /* Release */,
			);
			defaultConfigurationIsVisible = 0;
			defaultConfigurationName = Release;
		};
		3CFA859E2CF32E2600D88451 /* Build configuration list for PBXNativeTarget "EstéticaÁngela" */ = {
			isa = XCConfigurationList;
			buildConfigurations = (
				3CFA859F2CF32E2600D88451 /* Debug */,
				3CFA85A02CF32E2600D88451 /* Release */,
			);
			defaultConfigurationIsVisible = 0;
			defaultConfigurationName = Release;
		};
		3CFA85A12CF32E2600D88451 /* Build configuration list for PBXNativeTarget "EstéticaÁngelaTests" */ = {
			isa = XCConfigurationList;
			buildConfigurations = (
				3CFA85A22CF32E2600D88451 /* Debug */,
				3CFA85A32CF32E2600D88451 /* Release */,
			);
			defaultConfigurationIsVisible = 0;
			defaultConfigurationName = Release;
		};
		3CFA85A42CF32E2600D88451 /* Build configuration list for PBXNativeTarget "EstéticaÁngelaUITests" */ = {
			isa = XCConfigurationList;
			buildConfigurations = (
				3CFA85A52CF32E2600D88451 /* Debug */,
				3CFA85A62CF32E2600D88451 /* Release */,
			);
			defaultConfigurationIsVisible = 0;
			defaultConfigurationName = Release;
		};
/* End XCConfigurationList section */
	};
	rootObject = 3CFA85702CF32E2400D88451 /* Project object */;
}
